
Microsoft Visual Studio Solution File, Format Version 12.00
# Visual Studio Version 16
VisualStudioVersion = 16.0.31025.194
MinimumVisualStudioVersion = 10.0.40219.1
Project("{FAE04EC0-301F-11D3-BF4B-00C04F79EFBC}") = "AdministracionEmpleados", "AdministracionEmpleados.csproj", "{EE29A3CD-A6E2-4805-AD66-9802429ED798}"
EndProject
Global
	GlobalSection(SolutionConfigurationPlatforms) = preSolution
		Debug|Any CPU = Debug|Any CPU
		Release|Any CPU = Release|Any CPU
	EndGlobalSection
	GlobalSection(ProjectConfigurationPlatforms) = postSolution
		{EE29A3CD-A6E2-4805-AD66-9802429ED798}.Debug|Any CPU.ActiveCfg = Debug|Any CPU
		{EE29A3CD-A6E2-4805-AD66-9802429ED798}.Debug|Any CPU.Build.0 = Debug|Any CPU
		{EE29A3CD-A6E2-4805-AD66-9802429ED798}.Release|Any CPU.ActiveCfg = Release|Any CPU
		{EE29A3CD-A6E2-4805-AD66-9802429ED798}.Release|Any CPU.Build.0 = Release|Any CPU
	EndGlobalSection
	GlobalSection(SolutionProperties) = preSolution
		HideSolutionNode = FALSE
	EndGlobalSection
	GlobalSection(ExtensibilityGlobals) = postSolution
		SolutionGuid = {41563B95-1239-4832-8E9B-D63D8DB5FA45}
	EndGlobalSection
EndGlobal
